
Microsoft Visual Studio Solution File, Format Version 12.00
# Visual Studio 15
VisualStudioVersion = 15.0.26430.6
MinimumVisualStudioVersion = 10.0.40219.1
Project("{FAE04EC0-301F-11D3-BF4B-00C04F79EFBC}") = "IPService", "IPService\IPService.csproj", "{A00069BD-9907-4320-AC00-04CAC0FBE496}"
EndProject
Project("{FAE04EC0-301F-11D3-BF4B-00C04F79EFBC}") = "IPServiceHost", "IPServiceHost\IPServiceHost.csproj", "{86B5A356-9DB5-4E3E-830B-92D26AF97F70}"
EndProject
Project("{FAE04EC0-301F-11D3-BF4B-00C04F79EFBC}") = "IPApp", "IPApp\IPApp.csproj", "{40F52470-3685-41A1-A455-CC783B70ADF1}"
	ProjectSection(ProjectDependencies) = postProject
		{86B5A356-9DB5-4E3E-830B-92D26AF97F70} = {86B5A356-9DB5-4E3E-830B-92D26AF97F70}
	EndProjectSection
EndProject
Global
	GlobalSection(SolutionConfigurationPlatforms) = preSolution
		Debug|Any CPU = Debug|Any CPU
		Release|Any CPU = Release|Any CPU
	EndGlobalSection
	GlobalSection(ProjectConfigurationPlatforms) = postSolution
		{A00069BD-9907-4320-AC00-04CAC0FBE496}.Debug|Any CPU.ActiveCfg = Debug|Any CPU
		{A00069BD-9907-4320-AC00-04CAC0FBE496}.Debug|Any CPU.Build.0 = Debug|Any CPU
		{A00069BD-9907-4320-AC00-04CAC0FBE496}.Release|Any CPU.ActiveCfg = Release|Any CPU
		{A00069BD-9907-4320-AC00-04CAC0FBE496}.Release|Any CPU.Build.0 = Release|Any CPU
		{86B5A356-9DB5-4E3E-830B-92D26AF97F70}.Debug|Any CPU.ActiveCfg = Debug|Any CPU
		{86B5A356-9DB5-4E3E-830B-92D26AF97F70}.Debug|Any CPU.Build.0 = Debug|Any CPU
		{86B5A356-9DB5-4E3E-830B-92D26AF97F70}.Release|Any CPU.ActiveCfg = Release|Any CPU
		{86B5A356-9DB5-4E3E-830B-92D26AF97F70}.Release|Any CPU.Build.0 = Release|Any CPU
		{40F52470-3685-41A1-A455-CC783B70ADF1}.Debug|Any CPU.ActiveCfg = Debug|Any CPU
		{40F52470-3685-41A1-A455-CC783B70ADF1}.Debug|Any CPU.Build.0 = Debug|Any CPU
		{40F52470-3685-41A1-A455-CC783B70ADF1}.Release|Any CPU.ActiveCfg = Release|Any CPU
		{40F52470-3685-41A1-A455-CC783B70ADF1}.Release|Any CPU.Build.0 = Release|Any CPU
	EndGlobalSection
	GlobalSection(SolutionProperties) = preSolution
		HideSolutionNode = FALSE
	EndGlobalSection
EndGlobal
